
Microsoft Visual Studio Solution File, Format Version 12.00
# Visual Studio Version 17
VisualStudioVersion = 17.7.34221.43
MinimumVisualStudioVersion = 10.0.40219.1
Project("{FAE04EC0-301F-11D3-BF4B-00C04F79EFBC}") = "DataStructure", "DataStructure\DataStructure.csproj", "{4DDEAC83-68FB-4BF8-A576-88AC629AB0A1}"
EndProject
Global
	GlobalSection(SolutionConfigurationPlatforms) = preSolution
		Debug|Any CPU = Debug|Any CPU
		Release|Any CPU = Release|Any CPU
	EndGlobalSection
	GlobalSection(ProjectConfigurationPlatforms) = postSolution
		{4DDEAC83-68FB-4BF8-A576-88AC629AB0A1}.Debug|Any CPU.ActiveCfg = Debug|Any CPU
		{4DDEAC83-68FB-4BF8-A576-88AC629AB0A1}.Debug|Any CPU.Build.0 = Debug|Any CPU
		{4DDEAC83-68FB-4BF8-A576-88AC629AB0A1}.Release|Any CPU.ActiveCfg = Release|Any CPU
		{4DDEAC83-68FB-4BF8-A576-88AC629AB0A1}.Release|Any CPU.Build.0 = Release|Any CPU
	EndGlobalSection
	GlobalSection(SolutionProperties) = preSolution
		HideSolutionNode = FALSE
	EndGlobalSection
	GlobalSection(ExtensibilityGlobals) = postSolution
		SolutionGuid = {A0A09EB0-C4B9-4DBF-941C-427B9464D128}
	EndGlobalSection
EndGlobal
